
Microsoft Visual Studio Solution File, Format Version 12.00
# Visual Studio Version 17
VisualStudioVersion = 17.8.34525.116
MinimumVisualStudioVersion = 10.0.40219.1
Project("{2150E333-8FDC-42A3-9474-1A3956D46DE8}") = "Api", "Api", "{84710389-BB1D-44F6-91C1-13D58733DF91}"
EndProject
Project("{2150E333-8FDC-42A3-9474-1A3956D46DE8}") = "ClientSection", "ClientSection", "{E17E1328-1605-4F55-B82D-69E249269541}"
EndProject
Project("{2150E333-8FDC-42A3-9474-1A3956D46DE8}") = "AdminSection", "AdminSection", "{736C59EA-DF85-4EF6-98E5-4EDC70B850C3}"
EndProject
Project("{9A19103F-16F7-4668-BE54-9A1E7A4F7556}") = "EshopPosAdmin", "EshopPosAdmin\EshopPosAdmin\EshopPosAdmin.csproj", "{10395ADA-CCF6-4AEB-8506-F55324E6306D}"
EndProject
Project("{9A19103F-16F7-4668-BE54-9A1E7A4F7556}") = "EshopPosAdmin.Client", "EshopPosAdmin\EshopPosAdmin.Client\EshopPosAdmin.Client.csproj", "{CA11E8B8-5CD9-4C9D-AEFE-770831B03678}"
EndProject
Project("{9A19103F-16F7-4668-BE54-9A1E7A4F7556}") = "AriyotechEshop", "AriyotechEshop\AriyotechEshop\AriyotechEshop.csproj", "{5AC5A4E6-D986-42E3-A5F9-A03848D64069}"
EndProject
Project("{9A19103F-16F7-4668-BE54-9A1E7A4F7556}") = "AriyotechEshop.Client", "AriyotechEshop\AriyotechEshop.Client\AriyotechEshop.Client.csproj", "{54D27B17-45C3-432F-BA7E-EB5EC34E0E39}"
EndProject
Global
	GlobalSection(SolutionConfigurationPlatforms) = preSolution
		Debug|Any CPU = Debug|Any CPU
		Release|Any CPU = Release|Any CPU
	EndGlobalSection
	GlobalSection(ProjectConfigurationPlatforms) = postSolution
		{10395ADA-CCF6-4AEB-8506-F55324E6306D}.Debug|Any CPU.ActiveCfg = Debug|Any CPU
		{10395ADA-CCF6-4AEB-8506-F55324E6306D}.Debug|Any CPU.Build.0 = Debug|Any CPU
		{10395ADA-CCF6-4AEB-8506-F55324E6306D}.Release|Any CPU.ActiveCfg = Release|Any CPU
		{10395ADA-CCF6-4AEB-8506-F55324E6306D}.Release|Any CPU.Build.0 = Release|Any CPU
		{CA11E8B8-5CD9-4C9D-AEFE-770831B03678}.Debug|Any CPU.ActiveCfg = Debug|Any CPU
		{CA11E8B8-5CD9-4C9D-AEFE-770831B03678}.Debug|Any CPU.Build.0 = Debug|Any CPU
		{CA11E8B8-5CD9-4C9D-AEFE-770831B03678}.Release|Any CPU.ActiveCfg = Release|Any CPU
		{CA11E8B8-5CD9-4C9D-AEFE-770831B03678}.Release|Any CPU.Build.0 = Release|Any CPU
		{5AC5A4E6-D986-42E3-A5F9-A03848D64069}.Debug|Any CPU.ActiveCfg = Debug|Any CPU
		{5AC5A4E6-D986-42E3-A5F9-A03848D64069}.Debug|Any CPU.Build.0 = Debug|Any CPU
		{5AC5A4E6-D986-42E3-A5F9-A03848D64069}.Release|Any CPU.ActiveCfg = Release|Any CPU
		{5AC5A4E6-D986-42E3-A5F9-A03848D64069}.Release|Any CPU.Build.0 = Release|Any CPU
		{54D27B17-45C3-432F-BA7E-EB5EC34E0E39}.Debug|Any CPU.ActiveCfg = Debug|Any CPU
		{54D27B17-45C3-432F-BA7E-EB5EC34E0E39}.Debug|Any CPU.Build.0 = Debug|Any CPU
		{54D27B17-45C3-432F-BA7E-EB5EC34E0E39}.Release|Any CPU.ActiveCfg = Release|Any CPU
		{54D27B17-45C3-432F-BA7E-EB5EC34E0E39}.Release|Any CPU.Build.0 = Release|Any CPU
	EndGlobalSection
	GlobalSection(SolutionProperties) = preSolution
		HideSolutionNode = FALSE
	EndGlobalSection
	GlobalSection(NestedProjects) = preSolution
		{10395ADA-CCF6-4AEB-8506-F55324E6306D} = {736C59EA-DF85-4EF6-98E5-4EDC70B850C3}
		{CA11E8B8-5CD9-4C9D-AEFE-770831B03678} = {736C59EA-DF85-4EF6-98E5-4EDC70B850C3}
		{5AC5A4E6-D986-42E3-A5F9-A03848D64069} = {E17E1328-1605-4F55-B82D-69E249269541}
		{54D27B17-45C3-432F-BA7E-EB5EC34E0E39} = {E17E1328-1605-4F55-B82D-69E249269541}
	EndGlobalSection
	GlobalSection(ExtensibilityGlobals) = postSolution
		SolutionGuid = {CBC31B63-24C0-4F81-9F96-25237FABB65F}
	EndGlobalSection
EndGlobal
