
Microsoft Visual Studio Solution File, Format Version 12.00
# Visual Studio Version 17
VisualStudioVersion = 17.8.34525.116
MinimumVisualStudioVersion = 10.0.40219.1
Project("{2150E333-8FDC-42A3-9474-1A3956D46DE8}") = "Api", "Api", "{84710389-BB1D-44F6-91C1-13D58733DF91}"
EndProject
Project("{2150E333-8FDC-42A3-9474-1A3956D46DE8}") = "ClientSection", "ClientSection", "{E17E1328-1605-4F55-B82D-69E249269541}"
EndProject
Project("{2150E333-8FDC-42A3-9474-1A3956D46DE8}") = "AdminSection", "AdminSection", "{736C59EA-DF85-4EF6-98E5-4EDC70B850C3}"
EndProject
Project("{9A19103F-16F7-4668-BE54-9A1E7A4F7556}") = "AriyotechEshop", "AriyotechEshop\AriyotechEshop\AriyotechEshop.csproj", "{5AC5A4E6-D986-42E3-A5F9-A03848D64069}"
EndProject
Project("{9A19103F-16F7-4668-BE54-9A1E7A4F7556}") = "AriyotechEshop.Client", "AriyotechEshop\AriyotechEshop.Client\AriyotechEshop.Client.csproj", "{54D27B17-45C3-432F-BA7E-EB5EC34E0E39}"
EndProject
Project("{2150E333-8FDC-42A3-9474-1A3956D46DE8}") = "AdminApp", "AdminApp", "{495B71C4-0147-43A8-99E2-9FAF7418938B}"
EndProject
Project("{9A19103F-16F7-4668-BE54-9A1E7A4F7556}") = "AdminERPApp", "AdminERPApp\AdminERPApp.csproj", "{73346CE1-5E9C-4D61-90A0-659D24798B06}"
EndProject
Project("{9A19103F-16F7-4668-BE54-9A1E7A4F7556}") = "Models", "Models\Models.csproj", "{E40A9EE5-263F-46FC-B62F-D270DBFE8532}"
EndProject
Project("{9A19103F-16F7-4668-BE54-9A1E7A4F7556}") = "Services", "Services\Services.csproj", "{BE927894-D8B5-473E-8D3C-3B133E1350A3}"
EndProject
Project("{9A19103F-16F7-4668-BE54-9A1E7A4F7556}") = "EshopAdmin", "EshopAdmin\EshopAdmin\EshopAdmin.csproj", "{B2A0884B-5005-41E7-B52A-A326B5DE9AD5}"
EndProject
Project("{9A19103F-16F7-4668-BE54-9A1E7A4F7556}") = "EshopAdmin.Client", "EshopAdmin\EshopAdmin.Client\EshopAdmin.Client.csproj", "{C52D0436-2A10-4E2B-BDC7-A8C70B40A077}"
EndProject
Project("{9A19103F-16F7-4668-BE54-9A1E7A4F7556}") = "AriyotechDTOModels", "AriyotechDTOModels\AriyotechDTOModels.csproj", "{6FCBB9F2-97E3-4EE0-B7EE-E11DFB7F6E9B}"
EndProject
Project("{2150E333-8FDC-42A3-9474-1A3956D46DE8}") = "AriyotechWeb", "AriyotechWeb", "{DEF249F1-F06F-4C17-90E8-3359B2CAAD1B}"
EndProject
Project("{9A19103F-16F7-4668-BE54-9A1E7A4F7556}") = "AriyotechMainWeb", "AriyotechMainWeb\AriyotechMainWeb.csproj", "{E102E059-CB6F-45A6-ADED-9C340ED5E8B6}"
EndProject
Project("{9A19103F-16F7-4668-BE54-9A1E7A4F7556}") = "AriyotechMainApi", "AriyotechMainApi\AriyotechMainApi\AriyotechMainApi.csproj", "{B81B8CE7-BC86-4E5F-8EA1-68693C1911B0}"
EndProject
Global
	GlobalSection(SolutionConfigurationPlatforms) = preSolution
		Debug|Any CPU = Debug|Any CPU
		Debug|ARM64 = Debug|ARM64
		Debug|x64 = Debug|x64
		Debug|x86 = Debug|x86
		Release|Any CPU = Release|Any CPU
		Release|ARM64 = Release|ARM64
		Release|x64 = Release|x64
		Release|x86 = Release|x86
	EndGlobalSection
	GlobalSection(ProjectConfigurationPlatforms) = postSolution
		{5AC5A4E6-D986-42E3-A5F9-A03848D64069}.Debug|Any CPU.ActiveCfg = Debug|Any CPU
		{5AC5A4E6-D986-42E3-A5F9-A03848D64069}.Debug|Any CPU.Build.0 = Debug|Any CPU
		{5AC5A4E6-D986-42E3-A5F9-A03848D64069}.Debug|ARM64.ActiveCfg = Debug|Any CPU
		{5AC5A4E6-D986-42E3-A5F9-A03848D64069}.Debug|x64.ActiveCfg = Debug|Any CPU
		{5AC5A4E6-D986-42E3-A5F9-A03848D64069}.Debug|x86.ActiveCfg = Debug|Any CPU
		{5AC5A4E6-D986-42E3-A5F9-A03848D64069}.Release|Any CPU.ActiveCfg = Release|Any CPU
		{5AC5A4E6-D986-42E3-A5F9-A03848D64069}.Release|Any CPU.Build.0 = Release|Any CPU
		{5AC5A4E6-D986-42E3-A5F9-A03848D64069}.Release|ARM64.ActiveCfg = Release|Any CPU
		{5AC5A4E6-D986-42E3-A5F9-A03848D64069}.Release|x64.ActiveCfg = Release|Any CPU
		{5AC5A4E6-D986-42E3-A5F9-A03848D64069}.Release|x86.ActiveCfg = Release|Any CPU
		{54D27B17-45C3-432F-BA7E-EB5EC34E0E39}.Debug|Any CPU.ActiveCfg = Debug|Any CPU
		{54D27B17-45C3-432F-BA7E-EB5EC34E0E39}.Debug|Any CPU.Build.0 = Debug|Any CPU
		{54D27B17-45C3-432F-BA7E-EB5EC34E0E39}.Debug|ARM64.ActiveCfg = Debug|Any CPU
		{54D27B17-45C3-432F-BA7E-EB5EC34E0E39}.Debug|x64.ActiveCfg = Debug|Any CPU
		{54D27B17-45C3-432F-BA7E-EB5EC34E0E39}.Debug|x86.ActiveCfg = Debug|Any CPU
		{54D27B17-45C3-432F-BA7E-EB5EC34E0E39}.Release|Any CPU.ActiveCfg = Release|Any CPU
		{54D27B17-45C3-432F-BA7E-EB5EC34E0E39}.Release|Any CPU.Build.0 = Release|Any CPU
		{54D27B17-45C3-432F-BA7E-EB5EC34E0E39}.Release|ARM64.ActiveCfg = Release|Any CPU
		{54D27B17-45C3-432F-BA7E-EB5EC34E0E39}.Release|x64.ActiveCfg = Release|Any CPU
		{54D27B17-45C3-432F-BA7E-EB5EC34E0E39}.Release|x86.ActiveCfg = Release|Any CPU
		{73346CE1-5E9C-4D61-90A0-659D24798B06}.Debug|Any CPU.ActiveCfg = Debug|Any CPU
		{73346CE1-5E9C-4D61-90A0-659D24798B06}.Debug|Any CPU.Build.0 = Debug|Any CPU
		{73346CE1-5E9C-4D61-90A0-659D24798B06}.Debug|Any CPU.Deploy.0 = Debug|Any CPU
		{73346CE1-5E9C-4D61-90A0-659D24798B06}.Debug|ARM64.ActiveCfg = Debug|Any CPU
		{73346CE1-5E9C-4D61-90A0-659D24798B06}.Debug|ARM64.Build.0 = Debug|Any CPU
		{73346CE1-5E9C-4D61-90A0-659D24798B06}.Debug|ARM64.Deploy.0 = Debug|Any CPU
		{73346CE1-5E9C-4D61-90A0-659D24798B06}.Debug|x64.ActiveCfg = Debug|Any CPU
		{73346CE1-5E9C-4D61-90A0-659D24798B06}.Debug|x64.Build.0 = Debug|Any CPU
		{73346CE1-5E9C-4D61-90A0-659D24798B06}.Debug|x64.Deploy.0 = Debug|Any CPU
		{73346CE1-5E9C-4D61-90A0-659D24798B06}.Debug|x86.ActiveCfg = Debug|Any CPU
		{73346CE1-5E9C-4D61-90A0-659D24798B06}.Debug|x86.Build.0 = Debug|Any CPU
		{73346CE1-5E9C-4D61-90A0-659D24798B06}.Debug|x86.Deploy.0 = Debug|Any CPU
		{73346CE1-5E9C-4D61-90A0-659D24798B06}.Release|Any CPU.ActiveCfg = Release|Any CPU
		{73346CE1-5E9C-4D61-90A0-659D24798B06}.Release|Any CPU.Build.0 = Release|Any CPU
		{73346CE1-5E9C-4D61-90A0-659D24798B06}.Release|Any CPU.Deploy.0 = Release|Any CPU
		{73346CE1-5E9C-4D61-90A0-659D24798B06}.Release|ARM64.ActiveCfg = Release|Any CPU
		{73346CE1-5E9C-4D61-90A0-659D24798B06}.Release|ARM64.Build.0 = Release|Any CPU
		{73346CE1-5E9C-4D61-90A0-659D24798B06}.Release|ARM64.Deploy.0 = Release|Any CPU
		{73346CE1-5E9C-4D61-90A0-659D24798B06}.Release|x64.ActiveCfg = Release|Any CPU
		{73346CE1-5E9C-4D61-90A0-659D24798B06}.Release|x64.Build.0 = Release|Any CPU
		{73346CE1-5E9C-4D61-90A0-659D24798B06}.Release|x64.Deploy.0 = Release|Any CPU
		{73346CE1-5E9C-4D61-90A0-659D24798B06}.Release|x86.ActiveCfg = Release|Any CPU
		{73346CE1-5E9C-4D61-90A0-659D24798B06}.Release|x86.Build.0 = Release|Any CPU
		{73346CE1-5E9C-4D61-90A0-659D24798B06}.Release|x86.Deploy.0 = Release|Any CPU
		{E40A9EE5-263F-46FC-B62F-D270DBFE8532}.Debug|Any CPU.ActiveCfg = Debug|Any CPU
		{E40A9EE5-263F-46FC-B62F-D270DBFE8532}.Debug|Any CPU.Build.0 = Debug|Any CPU
		{E40A9EE5-263F-46FC-B62F-D270DBFE8532}.Debug|ARM64.ActiveCfg = Debug|Any CPU
		{E40A9EE5-263F-46FC-B62F-D270DBFE8532}.Debug|ARM64.Build.0 = Debug|Any CPU
		{E40A9EE5-263F-46FC-B62F-D270DBFE8532}.Debug|x64.ActiveCfg = Debug|Any CPU
		{E40A9EE5-263F-46FC-B62F-D270DBFE8532}.Debug|x64.Build.0 = Debug|Any CPU
		{E40A9EE5-263F-46FC-B62F-D270DBFE8532}.Debug|x86.ActiveCfg = Debug|Any CPU
		{E40A9EE5-263F-46FC-B62F-D270DBFE8532}.Debug|x86.Build.0 = Debug|Any CPU
		{E40A9EE5-263F-46FC-B62F-D270DBFE8532}.Release|Any CPU.ActiveCfg = Release|Any CPU
		{E40A9EE5-263F-46FC-B62F-D270DBFE8532}.Release|Any CPU.Build.0 = Release|Any CPU
		{E40A9EE5-263F-46FC-B62F-D270DBFE8532}.Release|ARM64.ActiveCfg = Release|Any CPU
		{E40A9EE5-263F-46FC-B62F-D270DBFE8532}.Release|ARM64.Build.0 = Release|Any CPU
		{E40A9EE5-263F-46FC-B62F-D270DBFE8532}.Release|x64.ActiveCfg = Release|Any CPU
		{E40A9EE5-263F-46FC-B62F-D270DBFE8532}.Release|x64.Build.0 = Release|Any CPU
		{E40A9EE5-263F-46FC-B62F-D270DBFE8532}.Release|x86.ActiveCfg = Release|Any CPU
		{E40A9EE5-263F-46FC-B62F-D270DBFE8532}.Release|x86.Build.0 = Release|Any CPU
		{BE927894-D8B5-473E-8D3C-3B133E1350A3}.Debug|Any CPU.ActiveCfg = Debug|Any CPU
		{BE927894-D8B5-473E-8D3C-3B133E1350A3}.Debug|Any CPU.Build.0 = Debug|Any CPU
		{BE927894-D8B5-473E-8D3C-3B133E1350A3}.Debug|ARM64.ActiveCfg = Debug|Any CPU
		{BE927894-D8B5-473E-8D3C-3B133E1350A3}.Debug|ARM64.Build.0 = Debug|Any CPU
		{BE927894-D8B5-473E-8D3C-3B133E1350A3}.Debug|x64.ActiveCfg = Debug|Any CPU
		{BE927894-D8B5-473E-8D3C-3B133E1350A3}.Debug|x64.Build.0 = Debug|Any CPU
		{BE927894-D8B5-473E-8D3C-3B133E1350A3}.Debug|x86.ActiveCfg = Debug|Any CPU
		{BE927894-D8B5-473E-8D3C-3B133E1350A3}.Debug|x86.Build.0 = Debug|Any CPU
		{BE927894-D8B5-473E-8D3C-3B133E1350A3}.Release|Any CPU.ActiveCfg = Release|Any CPU
		{BE927894-D8B5-473E-8D3C-3B133E1350A3}.Release|Any CPU.Build.0 = Release|Any CPU
		{BE927894-D8B5-473E-8D3C-3B133E1350A3}.Release|ARM64.ActiveCfg = Release|Any CPU
		{BE927894-D8B5-473E-8D3C-3B133E1350A3}.Release|ARM64.Build.0 = Release|Any CPU
		{BE927894-D8B5-473E-8D3C-3B133E1350A3}.Release|x64.ActiveCfg = Release|Any CPU
		{BE927894-D8B5-473E-8D3C-3B133E1350A3}.Release|x64.Build.0 = Release|Any CPU
		{BE927894-D8B5-473E-8D3C-3B133E1350A3}.Release|x86.ActiveCfg = Release|Any CPU
		{BE927894-D8B5-473E-8D3C-3B133E1350A3}.Release|x86.Build.0 = Release|Any CPU
		{B2A0884B-5005-41E7-B52A-A326B5DE9AD5}.Debug|Any CPU.ActiveCfg = Debug|Any CPU
		{B2A0884B-5005-41E7-B52A-A326B5DE9AD5}.Debug|Any CPU.Build.0 = Debug|Any CPU
		{B2A0884B-5005-41E7-B52A-A326B5DE9AD5}.Debug|ARM64.ActiveCfg = Debug|Any CPU
		{B2A0884B-5005-41E7-B52A-A326B5DE9AD5}.Debug|ARM64.Build.0 = Debug|Any CPU
		{B2A0884B-5005-41E7-B52A-A326B5DE9AD5}.Debug|x64.ActiveCfg = Debug|Any CPU
		{B2A0884B-5005-41E7-B52A-A326B5DE9AD5}.Debug|x64.Build.0 = Debug|Any CPU
		{B2A0884B-5005-41E7-B52A-A326B5DE9AD5}.Debug|x86.ActiveCfg = Debug|Any CPU
		{B2A0884B-5005-41E7-B52A-A326B5DE9AD5}.Debug|x86.Build.0 = Debug|Any CPU
		{B2A0884B-5005-41E7-B52A-A326B5DE9AD5}.Release|Any CPU.ActiveCfg = Release|Any CPU
		{B2A0884B-5005-41E7-B52A-A326B5DE9AD5}.Release|Any CPU.Build.0 = Release|Any CPU
		{B2A0884B-5005-41E7-B52A-A326B5DE9AD5}.Release|ARM64.ActiveCfg = Release|Any CPU
		{B2A0884B-5005-41E7-B52A-A326B5DE9AD5}.Release|ARM64.Build.0 = Release|Any CPU
		{B2A0884B-5005-41E7-B52A-A326B5DE9AD5}.Release|x64.ActiveCfg = Release|Any CPU
		{B2A0884B-5005-41E7-B52A-A326B5DE9AD5}.Release|x64.Build.0 = Release|Any CPU
		{B2A0884B-5005-41E7-B52A-A326B5DE9AD5}.Release|x86.ActiveCfg = Release|Any CPU
		{B2A0884B-5005-41E7-B52A-A326B5DE9AD5}.Release|x86.Build.0 = Release|Any CPU
		{C52D0436-2A10-4E2B-BDC7-A8C70B40A077}.Debug|Any CPU.ActiveCfg = Debug|Any CPU
		{C52D0436-2A10-4E2B-BDC7-A8C70B40A077}.Debug|Any CPU.Build.0 = Debug|Any CPU
		{C52D0436-2A10-4E2B-BDC7-A8C70B40A077}.Debug|ARM64.ActiveCfg = Debug|Any CPU
		{C52D0436-2A10-4E2B-BDC7-A8C70B40A077}.Debug|ARM64.Build.0 = Debug|Any CPU
		{C52D0436-2A10-4E2B-BDC7-A8C70B40A077}.Debug|x64.ActiveCfg = Debug|Any CPU
		{C52D0436-2A10-4E2B-BDC7-A8C70B40A077}.Debug|x64.Build.0 = Debug|Any CPU
		{C52D0436-2A10-4E2B-BDC7-A8C70B40A077}.Debug|x86.ActiveCfg = Debug|Any CPU
		{C52D0436-2A10-4E2B-BDC7-A8C70B40A077}.Debug|x86.Build.0 = Debug|Any CPU
		{C52D0436-2A10-4E2B-BDC7-A8C70B40A077}.Release|Any CPU.ActiveCfg = Release|Any CPU
		{C52D0436-2A10-4E2B-BDC7-A8C70B40A077}.Release|Any CPU.Build.0 = Release|Any CPU
		{C52D0436-2A10-4E2B-BDC7-A8C70B40A077}.Release|ARM64.ActiveCfg = Release|Any CPU
		{C52D0436-2A10-4E2B-BDC7-A8C70B40A077}.Release|ARM64.Build.0 = Release|Any CPU
		{C52D0436-2A10-4E2B-BDC7-A8C70B40A077}.Release|x64.ActiveCfg = Release|Any CPU
		{C52D0436-2A10-4E2B-BDC7-A8C70B40A077}.Release|x64.Build.0 = Release|Any CPU
		{C52D0436-2A10-4E2B-BDC7-A8C70B40A077}.Release|x86.ActiveCfg = Release|Any CPU
		{C52D0436-2A10-4E2B-BDC7-A8C70B40A077}.Release|x86.Build.0 = Release|Any CPU
		{6FCBB9F2-97E3-4EE0-B7EE-E11DFB7F6E9B}.Debug|Any CPU.ActiveCfg = Debug|Any CPU
		{6FCBB9F2-97E3-4EE0-B7EE-E11DFB7F6E9B}.Debug|Any CPU.Build.0 = Debug|Any CPU
		{6FCBB9F2-97E3-4EE0-B7EE-E11DFB7F6E9B}.Debug|ARM64.ActiveCfg = Debug|Any CPU
		{6FCBB9F2-97E3-4EE0-B7EE-E11DFB7F6E9B}.Debug|ARM64.Build.0 = Debug|Any CPU
		{6FCBB9F2-97E3-4EE0-B7EE-E11DFB7F6E9B}.Debug|x64.ActiveCfg = Debug|Any CPU
		{6FCBB9F2-97E3-4EE0-B7EE-E11DFB7F6E9B}.Debug|x64.Build.0 = Debug|Any CPU
		{6FCBB9F2-97E3-4EE0-B7EE-E11DFB7F6E9B}.Debug|x86.ActiveCfg = Debug|Any CPU
		{6FCBB9F2-97E3-4EE0-B7EE-E11DFB7F6E9B}.Debug|x86.Build.0 = Debug|Any CPU
		{6FCBB9F2-97E3-4EE0-B7EE-E11DFB7F6E9B}.Release|Any CPU.ActiveCfg = Release|Any CPU
		{6FCBB9F2-97E3-4EE0-B7EE-E11DFB7F6E9B}.Release|Any CPU.Build.0 = Release|Any CPU
		{6FCBB9F2-97E3-4EE0-B7EE-E11DFB7F6E9B}.Release|ARM64.ActiveCfg = Release|Any CPU
		{6FCBB9F2-97E3-4EE0-B7EE-E11DFB7F6E9B}.Release|ARM64.Build.0 = Release|Any CPU
		{6FCBB9F2-97E3-4EE0-B7EE-E11DFB7F6E9B}.Release|x64.ActiveCfg = Release|Any CPU
		{6FCBB9F2-97E3-4EE0-B7EE-E11DFB7F6E9B}.Release|x64.Build.0 = Release|Any CPU
		{6FCBB9F2-97E3-4EE0-B7EE-E11DFB7F6E9B}.Release|x86.ActiveCfg = Release|Any CPU
		{6FCBB9F2-97E3-4EE0-B7EE-E11DFB7F6E9B}.Release|x86.Build.0 = Release|Any CPU
		{E102E059-CB6F-45A6-ADED-9C340ED5E8B6}.Debug|Any CPU.ActiveCfg = Debug|Any CPU
		{E102E059-CB6F-45A6-ADED-9C340ED5E8B6}.Debug|Any CPU.Build.0 = Debug|Any CPU
		{E102E059-CB6F-45A6-ADED-9C340ED5E8B6}.Debug|ARM64.ActiveCfg = Debug|Any CPU
		{E102E059-CB6F-45A6-ADED-9C340ED5E8B6}.Debug|ARM64.Build.0 = Debug|Any CPU
		{E102E059-CB6F-45A6-ADED-9C340ED5E8B6}.Debug|x64.ActiveCfg = Debug|Any CPU
		{E102E059-CB6F-45A6-ADED-9C340ED5E8B6}.Debug|x64.Build.0 = Debug|Any CPU
		{E102E059-CB6F-45A6-ADED-9C340ED5E8B6}.Debug|x86.ActiveCfg = Debug|Any CPU
		{E102E059-CB6F-45A6-ADED-9C340ED5E8B6}.Debug|x86.Build.0 = Debug|Any CPU
		{E102E059-CB6F-45A6-ADED-9C340ED5E8B6}.Release|Any CPU.ActiveCfg = Release|Any CPU
		{E102E059-CB6F-45A6-ADED-9C340ED5E8B6}.Release|Any CPU.Build.0 = Release|Any CPU
		{E102E059-CB6F-45A6-ADED-9C340ED5E8B6}.Release|ARM64.ActiveCfg = Release|Any CPU
		{E102E059-CB6F-45A6-ADED-9C340ED5E8B6}.Release|ARM64.Build.0 = Release|Any CPU
		{E102E059-CB6F-45A6-ADED-9C340ED5E8B6}.Release|x64.ActiveCfg = Release|Any CPU
		{E102E059-CB6F-45A6-ADED-9C340ED5E8B6}.Release|x64.Build.0 = Release|Any CPU
		{E102E059-CB6F-45A6-ADED-9C340ED5E8B6}.Release|x86.ActiveCfg = Release|Any CPU
		{E102E059-CB6F-45A6-ADED-9C340ED5E8B6}.Release|x86.Build.0 = Release|Any CPU
		{B81B8CE7-BC86-4E5F-8EA1-68693C1911B0}.Debug|Any CPU.ActiveCfg = Debug|Any CPU
		{B81B8CE7-BC86-4E5F-8EA1-68693C1911B0}.Debug|Any CPU.Build.0 = Debug|Any CPU
		{B81B8CE7-BC86-4E5F-8EA1-68693C1911B0}.Debug|ARM64.ActiveCfg = Debug|Any CPU
		{B81B8CE7-BC86-4E5F-8EA1-68693C1911B0}.Debug|ARM64.Build.0 = Debug|Any CPU
		{B81B8CE7-BC86-4E5F-8EA1-68693C1911B0}.Debug|x64.ActiveCfg = Debug|Any CPU
		{B81B8CE7-BC86-4E5F-8EA1-68693C1911B0}.Debug|x64.Build.0 = Debug|Any CPU
		{B81B8CE7-BC86-4E5F-8EA1-68693C1911B0}.Debug|x86.ActiveCfg = Debug|Any CPU
		{B81B8CE7-BC86-4E5F-8EA1-68693C1911B0}.Debug|x86.Build.0 = Debug|Any CPU
		{B81B8CE7-BC86-4E5F-8EA1-68693C1911B0}.Release|Any CPU.ActiveCfg = Release|Any CPU
		{B81B8CE7-BC86-4E5F-8EA1-68693C1911B0}.Release|Any CPU.Build.0 = Release|Any CPU
		{B81B8CE7-BC86-4E5F-8EA1-68693C1911B0}.Release|ARM64.ActiveCfg = Release|Any CPU
		{B81B8CE7-BC86-4E5F-8EA1-68693C1911B0}.Release|ARM64.Build.0 = Release|Any CPU
		{B81B8CE7-BC86-4E5F-8EA1-68693C1911B0}.Release|x64.ActiveCfg = Release|Any CPU
		{B81B8CE7-BC86-4E5F-8EA1-68693C1911B0}.Release|x64.Build.0 = Release|Any CPU
		{B81B8CE7-BC86-4E5F-8EA1-68693C1911B0}.Release|x86.ActiveCfg = Release|Any CPU
		{B81B8CE7-BC86-4E5F-8EA1-68693C1911B0}.Release|x86.Build.0 = Release|Any CPU
	EndGlobalSection
	GlobalSection(SolutionProperties) = preSolution
		HideSolutionNode = FALSE
	EndGlobalSection
	GlobalSection(NestedProjects) = preSolution
		{5AC5A4E6-D986-42E3-A5F9-A03848D64069} = {E17E1328-1605-4F55-B82D-69E249269541}
		{54D27B17-45C3-432F-BA7E-EB5EC34E0E39} = {E17E1328-1605-4F55-B82D-69E249269541}
		{495B71C4-0147-43A8-99E2-9FAF7418938B} = {736C59EA-DF85-4EF6-98E5-4EDC70B850C3}
		{73346CE1-5E9C-4D61-90A0-659D24798B06} = {495B71C4-0147-43A8-99E2-9FAF7418938B}
		{B2A0884B-5005-41E7-B52A-A326B5DE9AD5} = {736C59EA-DF85-4EF6-98E5-4EDC70B850C3}
		{C52D0436-2A10-4E2B-BDC7-A8C70B40A077} = {736C59EA-DF85-4EF6-98E5-4EDC70B850C3}
		{E102E059-CB6F-45A6-ADED-9C340ED5E8B6} = {DEF249F1-F06F-4C17-90E8-3359B2CAAD1B}
		{B81B8CE7-BC86-4E5F-8EA1-68693C1911B0} = {84710389-BB1D-44F6-91C1-13D58733DF91}
	EndGlobalSection
	GlobalSection(ExtensibilityGlobals) = postSolution
		SolutionGuid = {CBC31B63-24C0-4F81-9F96-25237FABB65F}
	EndGlobalSection
EndGlobal
