
Microsoft Visual Studio Solution File, Format Version 12.00
# Visual Studio Version 17
VisualStudioVersion = 17.8.34525.116
MinimumVisualStudioVersion = 10.0.40219.1
Project("{2150E333-8FDC-42A3-9474-1A3956D46DE8}") = "Api", "Api", "{84710389-BB1D-44F6-91C1-13D58733DF91}"
EndProject
Project("{2150E333-8FDC-42A3-9474-1A3956D46DE8}") = "ClientSection", "ClientSection", "{E17E1328-1605-4F55-B82D-69E249269541}"
EndProject
Project("{2150E333-8FDC-42A3-9474-1A3956D46DE8}") = "AdminSection", "AdminSection", "{736C59EA-DF85-4EF6-98E5-4EDC70B850C3}"
EndProject
Project("{9A19103F-16F7-4668-BE54-9A1E7A4F7556}") = "AriyotechEshop", "AriyotechEshop\AriyotechEshop\AriyotechEshop.csproj", "{5AC5A4E6-D986-42E3-A5F9-A03848D64069}"
EndProject
Project("{9A19103F-16F7-4668-BE54-9A1E7A4F7556}") = "AriyotechEshop.Client", "AriyotechEshop\AriyotechEshop.Client\AriyotechEshop.Client.csproj", "{54D27B17-45C3-432F-BA7E-EB5EC34E0E39}"
EndProject
Project("{9A19103F-16F7-4668-BE54-9A1E7A4F7556}") = "AriyotechAdmin", "AriyotechAdmin\AriyotechAdmin\AriyotechAdmin.csproj", "{925F4133-050E-4AB8-B846-FADDCC1FAADC}"
EndProject
Project("{9A19103F-16F7-4668-BE54-9A1E7A4F7556}") = "AriyotechAdmin.Client", "AriyotechAdmin\AriyotechAdmin.Client\AriyotechAdmin.Client.csproj", "{8DEA604F-3A50-4F04-A7BC-211A756F7F96}"
EndProject
Project("{2150E333-8FDC-42A3-9474-1A3956D46DE8}") = "AdminApp", "AdminApp", "{495B71C4-0147-43A8-99E2-9FAF7418938B}"
EndProject
Project("{9A19103F-16F7-4668-BE54-9A1E7A4F7556}") = "Maanfee.Dashboard.Server", "AdminSample1\Dashboard\Maanfee.Dashboard.Server\Maanfee.Dashboard.Server.csproj", "{D0F33B46-D5F8-47EF-BBDC-400B96425BAD}"
EndProject
Project("{9A19103F-16F7-4668-BE54-9A1E7A4F7556}") = "Maanfee.Dashboard.Views", "AdminSample1\Dashboard\Maanfee.Dashboard.Views\Maanfee.Dashboard.Views.csproj", "{6BAF8D5A-00C8-403E-AF84-6C0880B7B2E1}"
EndProject
Project("{9A19103F-16F7-4668-BE54-9A1E7A4F7556}") = "Maanfee.Dashboard.Views.Base", "AdminSample1\Dashboard\Maanfee.Dashboard.Views.Base\Maanfee.Dashboard.Views.Base.csproj", "{7D4B90F3-7855-408B-A67D-14E707597A32}"
EndProject
Project("{9A19103F-16F7-4668-BE54-9A1E7A4F7556}") = "Maanfee.Dashboard.Examples.Views", "AdminSample1\Examples\Maanfee.Dashboard.Examples.Views\Maanfee.Dashboard.Examples.Views.csproj", "{59515998-952C-44AA-BF62-4A37DFFE8AC1}"
EndProject
Project("{9A19103F-16F7-4668-BE54-9A1E7A4F7556}") = "Maanfee.Dashboard.Examples.Views.JsInterop", "AdminSample1\Examples\Maanfee.Dashboard.Examples.Views.JsInterop\Maanfee.Dashboard.Examples.Views.JsInterop.csproj", "{A5CDCD82-25AB-4B46-BE99-BC6EAA03E482}"
EndProject
Project("{2150E333-8FDC-42A3-9474-1A3956D46DE8}") = "ManfeeSampleManual", "ManfeeSampleManual", "{90920DFB-216A-4EED-886F-47D19984F1D0}"
EndProject
Project("{9A19103F-16F7-4668-BE54-9A1E7A4F7556}") = "AdminERPApp", "AdminERPApp\AdminERPApp.csproj", "{73346CE1-5E9C-4D61-90A0-659D24798B06}"
EndProject
Project("{FAE04EC0-301F-11D3-BF4B-00C04F79EFBC}") = "Models", "Models\Models.csproj", "{E40A9EE5-263F-46FC-B62F-D270DBFE8532}"
EndProject
Project("{FAE04EC0-301F-11D3-BF4B-00C04F79EFBC}") = "Services", "Services\Services.csproj", "{BE927894-D8B5-473E-8D3C-3B133E1350A3}"
EndProject
Global
	GlobalSection(SolutionConfigurationPlatforms) = preSolution
		Debug|Any CPU = Debug|Any CPU
		Debug|ARM64 = Debug|ARM64
		Debug|x64 = Debug|x64
		Debug|x86 = Debug|x86
		Release|Any CPU = Release|Any CPU
		Release|ARM64 = Release|ARM64
		Release|x64 = Release|x64
		Release|x86 = Release|x86
	EndGlobalSection
	GlobalSection(ProjectConfigurationPlatforms) = postSolution
		{5AC5A4E6-D986-42E3-A5F9-A03848D64069}.Debug|Any CPU.ActiveCfg = Debug|Any CPU
		{5AC5A4E6-D986-42E3-A5F9-A03848D64069}.Debug|Any CPU.Build.0 = Debug|Any CPU
		{5AC5A4E6-D986-42E3-A5F9-A03848D64069}.Debug|ARM64.ActiveCfg = Debug|Any CPU
		{5AC5A4E6-D986-42E3-A5F9-A03848D64069}.Debug|x64.ActiveCfg = Debug|Any CPU
		{5AC5A4E6-D986-42E3-A5F9-A03848D64069}.Debug|x86.ActiveCfg = Debug|Any CPU
		{5AC5A4E6-D986-42E3-A5F9-A03848D64069}.Release|Any CPU.ActiveCfg = Release|Any CPU
		{5AC5A4E6-D986-42E3-A5F9-A03848D64069}.Release|Any CPU.Build.0 = Release|Any CPU
		{5AC5A4E6-D986-42E3-A5F9-A03848D64069}.Release|ARM64.ActiveCfg = Release|Any CPU
		{5AC5A4E6-D986-42E3-A5F9-A03848D64069}.Release|x64.ActiveCfg = Release|Any CPU
		{5AC5A4E6-D986-42E3-A5F9-A03848D64069}.Release|x86.ActiveCfg = Release|Any CPU
		{54D27B17-45C3-432F-BA7E-EB5EC34E0E39}.Debug|Any CPU.ActiveCfg = Debug|Any CPU
		{54D27B17-45C3-432F-BA7E-EB5EC34E0E39}.Debug|Any CPU.Build.0 = Debug|Any CPU
		{54D27B17-45C3-432F-BA7E-EB5EC34E0E39}.Debug|ARM64.ActiveCfg = Debug|Any CPU
		{54D27B17-45C3-432F-BA7E-EB5EC34E0E39}.Debug|x64.ActiveCfg = Debug|Any CPU
		{54D27B17-45C3-432F-BA7E-EB5EC34E0E39}.Debug|x86.ActiveCfg = Debug|Any CPU
		{54D27B17-45C3-432F-BA7E-EB5EC34E0E39}.Release|Any CPU.ActiveCfg = Release|Any CPU
		{54D27B17-45C3-432F-BA7E-EB5EC34E0E39}.Release|Any CPU.Build.0 = Release|Any CPU
		{54D27B17-45C3-432F-BA7E-EB5EC34E0E39}.Release|ARM64.ActiveCfg = Release|Any CPU
		{54D27B17-45C3-432F-BA7E-EB5EC34E0E39}.Release|x64.ActiveCfg = Release|Any CPU
		{54D27B17-45C3-432F-BA7E-EB5EC34E0E39}.Release|x86.ActiveCfg = Release|Any CPU
		{925F4133-050E-4AB8-B846-FADDCC1FAADC}.Debug|Any CPU.ActiveCfg = Debug|Any CPU
		{925F4133-050E-4AB8-B846-FADDCC1FAADC}.Debug|Any CPU.Build.0 = Debug|Any CPU
		{925F4133-050E-4AB8-B846-FADDCC1FAADC}.Debug|ARM64.ActiveCfg = Debug|Any CPU
		{925F4133-050E-4AB8-B846-FADDCC1FAADC}.Debug|ARM64.Build.0 = Debug|Any CPU
		{925F4133-050E-4AB8-B846-FADDCC1FAADC}.Debug|x64.ActiveCfg = Debug|Any CPU
		{925F4133-050E-4AB8-B846-FADDCC1FAADC}.Debug|x64.Build.0 = Debug|Any CPU
		{925F4133-050E-4AB8-B846-FADDCC1FAADC}.Debug|x86.ActiveCfg = Debug|Any CPU
		{925F4133-050E-4AB8-B846-FADDCC1FAADC}.Debug|x86.Build.0 = Debug|Any CPU
		{925F4133-050E-4AB8-B846-FADDCC1FAADC}.Release|Any CPU.ActiveCfg = Release|Any CPU
		{925F4133-050E-4AB8-B846-FADDCC1FAADC}.Release|Any CPU.Build.0 = Release|Any CPU
		{925F4133-050E-4AB8-B846-FADDCC1FAADC}.Release|ARM64.ActiveCfg = Release|Any CPU
		{925F4133-050E-4AB8-B846-FADDCC1FAADC}.Release|ARM64.Build.0 = Release|Any CPU
		{925F4133-050E-4AB8-B846-FADDCC1FAADC}.Release|x64.ActiveCfg = Release|Any CPU
		{925F4133-050E-4AB8-B846-FADDCC1FAADC}.Release|x64.Build.0 = Release|Any CPU
		{925F4133-050E-4AB8-B846-FADDCC1FAADC}.Release|x86.ActiveCfg = Release|Any CPU
		{925F4133-050E-4AB8-B846-FADDCC1FAADC}.Release|x86.Build.0 = Release|Any CPU
		{8DEA604F-3A50-4F04-A7BC-211A756F7F96}.Debug|Any CPU.ActiveCfg = Debug|Any CPU
		{8DEA604F-3A50-4F04-A7BC-211A756F7F96}.Debug|Any CPU.Build.0 = Debug|Any CPU
		{8DEA604F-3A50-4F04-A7BC-211A756F7F96}.Debug|ARM64.ActiveCfg = Debug|Any CPU
		{8DEA604F-3A50-4F04-A7BC-211A756F7F96}.Debug|ARM64.Build.0 = Debug|Any CPU
		{8DEA604F-3A50-4F04-A7BC-211A756F7F96}.Debug|x64.ActiveCfg = Debug|Any CPU
		{8DEA604F-3A50-4F04-A7BC-211A756F7F96}.Debug|x64.Build.0 = Debug|Any CPU
		{8DEA604F-3A50-4F04-A7BC-211A756F7F96}.Debug|x86.ActiveCfg = Debug|Any CPU
		{8DEA604F-3A50-4F04-A7BC-211A756F7F96}.Debug|x86.Build.0 = Debug|Any CPU
		{8DEA604F-3A50-4F04-A7BC-211A756F7F96}.Release|Any CPU.ActiveCfg = Release|Any CPU
		{8DEA604F-3A50-4F04-A7BC-211A756F7F96}.Release|Any CPU.Build.0 = Release|Any CPU
		{8DEA604F-3A50-4F04-A7BC-211A756F7F96}.Release|ARM64.ActiveCfg = Release|Any CPU
		{8DEA604F-3A50-4F04-A7BC-211A756F7F96}.Release|ARM64.Build.0 = Release|Any CPU
		{8DEA604F-3A50-4F04-A7BC-211A756F7F96}.Release|x64.ActiveCfg = Release|Any CPU
		{8DEA604F-3A50-4F04-A7BC-211A756F7F96}.Release|x64.Build.0 = Release|Any CPU
		{8DEA604F-3A50-4F04-A7BC-211A756F7F96}.Release|x86.ActiveCfg = Release|Any CPU
		{8DEA604F-3A50-4F04-A7BC-211A756F7F96}.Release|x86.Build.0 = Release|Any CPU
		{D0F33B46-D5F8-47EF-BBDC-400B96425BAD}.Debug|Any CPU.ActiveCfg = Debug|Any CPU
		{D0F33B46-D5F8-47EF-BBDC-400B96425BAD}.Debug|Any CPU.Build.0 = Debug|Any CPU
		{D0F33B46-D5F8-47EF-BBDC-400B96425BAD}.Debug|ARM64.ActiveCfg = Debug|Any CPU
		{D0F33B46-D5F8-47EF-BBDC-400B96425BAD}.Debug|ARM64.Build.0 = Debug|Any CPU
		{D0F33B46-D5F8-47EF-BBDC-400B96425BAD}.Debug|x64.ActiveCfg = Debug|Any CPU
		{D0F33B46-D5F8-47EF-BBDC-400B96425BAD}.Debug|x64.Build.0 = Debug|Any CPU
		{D0F33B46-D5F8-47EF-BBDC-400B96425BAD}.Debug|x86.ActiveCfg = Debug|Any CPU
		{D0F33B46-D5F8-47EF-BBDC-400B96425BAD}.Debug|x86.Build.0 = Debug|Any CPU
		{D0F33B46-D5F8-47EF-BBDC-400B96425BAD}.Release|Any CPU.ActiveCfg = Release|Any CPU
		{D0F33B46-D5F8-47EF-BBDC-400B96425BAD}.Release|Any CPU.Build.0 = Release|Any CPU
		{D0F33B46-D5F8-47EF-BBDC-400B96425BAD}.Release|ARM64.ActiveCfg = Release|Any CPU
		{D0F33B46-D5F8-47EF-BBDC-400B96425BAD}.Release|ARM64.Build.0 = Release|Any CPU
		{D0F33B46-D5F8-47EF-BBDC-400B96425BAD}.Release|x64.ActiveCfg = Release|Any CPU
		{D0F33B46-D5F8-47EF-BBDC-400B96425BAD}.Release|x64.Build.0 = Release|Any CPU
		{D0F33B46-D5F8-47EF-BBDC-400B96425BAD}.Release|x86.ActiveCfg = Release|Any CPU
		{D0F33B46-D5F8-47EF-BBDC-400B96425BAD}.Release|x86.Build.0 = Release|Any CPU
		{6BAF8D5A-00C8-403E-AF84-6C0880B7B2E1}.Debug|Any CPU.ActiveCfg = Debug|Any CPU
		{6BAF8D5A-00C8-403E-AF84-6C0880B7B2E1}.Debug|Any CPU.Build.0 = Debug|Any CPU
		{6BAF8D5A-00C8-403E-AF84-6C0880B7B2E1}.Debug|ARM64.ActiveCfg = Debug|Any CPU
		{6BAF8D5A-00C8-403E-AF84-6C0880B7B2E1}.Debug|ARM64.Build.0 = Debug|Any CPU
		{6BAF8D5A-00C8-403E-AF84-6C0880B7B2E1}.Debug|x64.ActiveCfg = Debug|Any CPU
		{6BAF8D5A-00C8-403E-AF84-6C0880B7B2E1}.Debug|x64.Build.0 = Debug|Any CPU
		{6BAF8D5A-00C8-403E-AF84-6C0880B7B2E1}.Debug|x86.ActiveCfg = Debug|Any CPU
		{6BAF8D5A-00C8-403E-AF84-6C0880B7B2E1}.Debug|x86.Build.0 = Debug|Any CPU
		{6BAF8D5A-00C8-403E-AF84-6C0880B7B2E1}.Release|Any CPU.ActiveCfg = Release|Any CPU
		{6BAF8D5A-00C8-403E-AF84-6C0880B7B2E1}.Release|Any CPU.Build.0 = Release|Any CPU
		{6BAF8D5A-00C8-403E-AF84-6C0880B7B2E1}.Release|ARM64.ActiveCfg = Release|Any CPU
		{6BAF8D5A-00C8-403E-AF84-6C0880B7B2E1}.Release|ARM64.Build.0 = Release|Any CPU
		{6BAF8D5A-00C8-403E-AF84-6C0880B7B2E1}.Release|x64.ActiveCfg = Release|Any CPU
		{6BAF8D5A-00C8-403E-AF84-6C0880B7B2E1}.Release|x64.Build.0 = Release|Any CPU
		{6BAF8D5A-00C8-403E-AF84-6C0880B7B2E1}.Release|x86.ActiveCfg = Release|Any CPU
		{6BAF8D5A-00C8-403E-AF84-6C0880B7B2E1}.Release|x86.Build.0 = Release|Any CPU
		{7D4B90F3-7855-408B-A67D-14E707597A32}.Debug|Any CPU.ActiveCfg = Debug|Any CPU
		{7D4B90F3-7855-408B-A67D-14E707597A32}.Debug|Any CPU.Build.0 = Debug|Any CPU
		{7D4B90F3-7855-408B-A67D-14E707597A32}.Debug|ARM64.ActiveCfg = Debug|Any CPU
		{7D4B90F3-7855-408B-A67D-14E707597A32}.Debug|ARM64.Build.0 = Debug|Any CPU
		{7D4B90F3-7855-408B-A67D-14E707597A32}.Debug|x64.ActiveCfg = Debug|Any CPU
		{7D4B90F3-7855-408B-A67D-14E707597A32}.Debug|x64.Build.0 = Debug|Any CPU
		{7D4B90F3-7855-408B-A67D-14E707597A32}.Debug|x86.ActiveCfg = Debug|Any CPU
		{7D4B90F3-7855-408B-A67D-14E707597A32}.Debug|x86.Build.0 = Debug|Any CPU
		{7D4B90F3-7855-408B-A67D-14E707597A32}.Release|Any CPU.ActiveCfg = Release|Any CPU
		{7D4B90F3-7855-408B-A67D-14E707597A32}.Release|Any CPU.Build.0 = Release|Any CPU
		{7D4B90F3-7855-408B-A67D-14E707597A32}.Release|ARM64.ActiveCfg = Release|Any CPU
		{7D4B90F3-7855-408B-A67D-14E707597A32}.Release|ARM64.Build.0 = Release|Any CPU
		{7D4B90F3-7855-408B-A67D-14E707597A32}.Release|x64.ActiveCfg = Release|Any CPU
		{7D4B90F3-7855-408B-A67D-14E707597A32}.Release|x64.Build.0 = Release|Any CPU
		{7D4B90F3-7855-408B-A67D-14E707597A32}.Release|x86.ActiveCfg = Release|Any CPU
		{7D4B90F3-7855-408B-A67D-14E707597A32}.Release|x86.Build.0 = Release|Any CPU
		{59515998-952C-44AA-BF62-4A37DFFE8AC1}.Debug|Any CPU.ActiveCfg = Debug|Any CPU
		{59515998-952C-44AA-BF62-4A37DFFE8AC1}.Debug|Any CPU.Build.0 = Debug|Any CPU
		{59515998-952C-44AA-BF62-4A37DFFE8AC1}.Debug|ARM64.ActiveCfg = Debug|Any CPU
		{59515998-952C-44AA-BF62-4A37DFFE8AC1}.Debug|ARM64.Build.0 = Debug|Any CPU
		{59515998-952C-44AA-BF62-4A37DFFE8AC1}.Debug|x64.ActiveCfg = Debug|Any CPU
		{59515998-952C-44AA-BF62-4A37DFFE8AC1}.Debug|x64.Build.0 = Debug|Any CPU
		{59515998-952C-44AA-BF62-4A37DFFE8AC1}.Debug|x86.ActiveCfg = Debug|Any CPU
		{59515998-952C-44AA-BF62-4A37DFFE8AC1}.Debug|x86.Build.0 = Debug|Any CPU
		{59515998-952C-44AA-BF62-4A37DFFE8AC1}.Release|Any CPU.ActiveCfg = Release|Any CPU
		{59515998-952C-44AA-BF62-4A37DFFE8AC1}.Release|Any CPU.Build.0 = Release|Any CPU
		{59515998-952C-44AA-BF62-4A37DFFE8AC1}.Release|ARM64.ActiveCfg = Release|Any CPU
		{59515998-952C-44AA-BF62-4A37DFFE8AC1}.Release|ARM64.Build.0 = Release|Any CPU
		{59515998-952C-44AA-BF62-4A37DFFE8AC1}.Release|x64.ActiveCfg = Release|Any CPU
		{59515998-952C-44AA-BF62-4A37DFFE8AC1}.Release|x64.Build.0 = Release|Any CPU
		{59515998-952C-44AA-BF62-4A37DFFE8AC1}.Release|x86.ActiveCfg = Release|Any CPU
		{59515998-952C-44AA-BF62-4A37DFFE8AC1}.Release|x86.Build.0 = Release|Any CPU
		{A5CDCD82-25AB-4B46-BE99-BC6EAA03E482}.Debug|Any CPU.ActiveCfg = Debug|Any CPU
		{A5CDCD82-25AB-4B46-BE99-BC6EAA03E482}.Debug|Any CPU.Build.0 = Debug|Any CPU
		{A5CDCD82-25AB-4B46-BE99-BC6EAA03E482}.Debug|ARM64.ActiveCfg = Debug|Any CPU
		{A5CDCD82-25AB-4B46-BE99-BC6EAA03E482}.Debug|ARM64.Build.0 = Debug|Any CPU
		{A5CDCD82-25AB-4B46-BE99-BC6EAA03E482}.Debug|x64.ActiveCfg = Debug|Any CPU
		{A5CDCD82-25AB-4B46-BE99-BC6EAA03E482}.Debug|x64.Build.0 = Debug|Any CPU
		{A5CDCD82-25AB-4B46-BE99-BC6EAA03E482}.Debug|x86.ActiveCfg = Debug|Any CPU
		{A5CDCD82-25AB-4B46-BE99-BC6EAA03E482}.Debug|x86.Build.0 = Debug|Any CPU
		{A5CDCD82-25AB-4B46-BE99-BC6EAA03E482}.Release|Any CPU.ActiveCfg = Release|Any CPU
		{A5CDCD82-25AB-4B46-BE99-BC6EAA03E482}.Release|Any CPU.Build.0 = Release|Any CPU
		{A5CDCD82-25AB-4B46-BE99-BC6EAA03E482}.Release|ARM64.ActiveCfg = Release|Any CPU
		{A5CDCD82-25AB-4B46-BE99-BC6EAA03E482}.Release|ARM64.Build.0 = Release|Any CPU
		{A5CDCD82-25AB-4B46-BE99-BC6EAA03E482}.Release|x64.ActiveCfg = Release|Any CPU
		{A5CDCD82-25AB-4B46-BE99-BC6EAA03E482}.Release|x64.Build.0 = Release|Any CPU
		{A5CDCD82-25AB-4B46-BE99-BC6EAA03E482}.Release|x86.ActiveCfg = Release|Any CPU
		{A5CDCD82-25AB-4B46-BE99-BC6EAA03E482}.Release|x86.Build.0 = Release|Any CPU
		{73346CE1-5E9C-4D61-90A0-659D24798B06}.Debug|Any CPU.ActiveCfg = Debug|Any CPU
		{73346CE1-5E9C-4D61-90A0-659D24798B06}.Debug|Any CPU.Build.0 = Debug|Any CPU
		{73346CE1-5E9C-4D61-90A0-659D24798B06}.Debug|Any CPU.Deploy.0 = Debug|Any CPU
		{73346CE1-5E9C-4D61-90A0-659D24798B06}.Debug|ARM64.ActiveCfg = Debug|Any CPU
		{73346CE1-5E9C-4D61-90A0-659D24798B06}.Debug|ARM64.Build.0 = Debug|Any CPU
		{73346CE1-5E9C-4D61-90A0-659D24798B06}.Debug|ARM64.Deploy.0 = Debug|Any CPU
		{73346CE1-5E9C-4D61-90A0-659D24798B06}.Debug|x64.ActiveCfg = Debug|Any CPU
		{73346CE1-5E9C-4D61-90A0-659D24798B06}.Debug|x64.Build.0 = Debug|Any CPU
		{73346CE1-5E9C-4D61-90A0-659D24798B06}.Debug|x64.Deploy.0 = Debug|Any CPU
		{73346CE1-5E9C-4D61-90A0-659D24798B06}.Debug|x86.ActiveCfg = Debug|Any CPU
		{73346CE1-5E9C-4D61-90A0-659D24798B06}.Debug|x86.Build.0 = Debug|Any CPU
		{73346CE1-5E9C-4D61-90A0-659D24798B06}.Debug|x86.Deploy.0 = Debug|Any CPU
		{73346CE1-5E9C-4D61-90A0-659D24798B06}.Release|Any CPU.ActiveCfg = Release|Any CPU
		{73346CE1-5E9C-4D61-90A0-659D24798B06}.Release|Any CPU.Build.0 = Release|Any CPU
		{73346CE1-5E9C-4D61-90A0-659D24798B06}.Release|Any CPU.Deploy.0 = Release|Any CPU
		{73346CE1-5E9C-4D61-90A0-659D24798B06}.Release|ARM64.ActiveCfg = Release|Any CPU
		{73346CE1-5E9C-4D61-90A0-659D24798B06}.Release|ARM64.Build.0 = Release|Any CPU
		{73346CE1-5E9C-4D61-90A0-659D24798B06}.Release|ARM64.Deploy.0 = Release|Any CPU
		{73346CE1-5E9C-4D61-90A0-659D24798B06}.Release|x64.ActiveCfg = Release|Any CPU
		{73346CE1-5E9C-4D61-90A0-659D24798B06}.Release|x64.Build.0 = Release|Any CPU
		{73346CE1-5E9C-4D61-90A0-659D24798B06}.Release|x64.Deploy.0 = Release|Any CPU
		{73346CE1-5E9C-4D61-90A0-659D24798B06}.Release|x86.ActiveCfg = Release|Any CPU
		{73346CE1-5E9C-4D61-90A0-659D24798B06}.Release|x86.Build.0 = Release|Any CPU
		{73346CE1-5E9C-4D61-90A0-659D24798B06}.Release|x86.Deploy.0 = Release|Any CPU
		{E40A9EE5-263F-46FC-B62F-D270DBFE8532}.Debug|Any CPU.ActiveCfg = Debug|Any CPU
		{E40A9EE5-263F-46FC-B62F-D270DBFE8532}.Debug|Any CPU.Build.0 = Debug|Any CPU
		{E40A9EE5-263F-46FC-B62F-D270DBFE8532}.Debug|ARM64.ActiveCfg = Debug|Any CPU
		{E40A9EE5-263F-46FC-B62F-D270DBFE8532}.Debug|ARM64.Build.0 = Debug|Any CPU
		{E40A9EE5-263F-46FC-B62F-D270DBFE8532}.Debug|x64.ActiveCfg = Debug|Any CPU
		{E40A9EE5-263F-46FC-B62F-D270DBFE8532}.Debug|x64.Build.0 = Debug|Any CPU
		{E40A9EE5-263F-46FC-B62F-D270DBFE8532}.Debug|x86.ActiveCfg = Debug|Any CPU
		{E40A9EE5-263F-46FC-B62F-D270DBFE8532}.Debug|x86.Build.0 = Debug|Any CPU
		{E40A9EE5-263F-46FC-B62F-D270DBFE8532}.Release|Any CPU.ActiveCfg = Release|Any CPU
		{E40A9EE5-263F-46FC-B62F-D270DBFE8532}.Release|Any CPU.Build.0 = Release|Any CPU
		{E40A9EE5-263F-46FC-B62F-D270DBFE8532}.Release|ARM64.ActiveCfg = Release|Any CPU
		{E40A9EE5-263F-46FC-B62F-D270DBFE8532}.Release|ARM64.Build.0 = Release|Any CPU
		{E40A9EE5-263F-46FC-B62F-D270DBFE8532}.Release|x64.ActiveCfg = Release|Any CPU
		{E40A9EE5-263F-46FC-B62F-D270DBFE8532}.Release|x64.Build.0 = Release|Any CPU
		{E40A9EE5-263F-46FC-B62F-D270DBFE8532}.Release|x86.ActiveCfg = Release|Any CPU
		{E40A9EE5-263F-46FC-B62F-D270DBFE8532}.Release|x86.Build.0 = Release|Any CPU
		{BE927894-D8B5-473E-8D3C-3B133E1350A3}.Debug|Any CPU.ActiveCfg = Debug|Any CPU
		{BE927894-D8B5-473E-8D3C-3B133E1350A3}.Debug|Any CPU.Build.0 = Debug|Any CPU
		{BE927894-D8B5-473E-8D3C-3B133E1350A3}.Debug|ARM64.ActiveCfg = Debug|Any CPU
		{BE927894-D8B5-473E-8D3C-3B133E1350A3}.Debug|ARM64.Build.0 = Debug|Any CPU
		{BE927894-D8B5-473E-8D3C-3B133E1350A3}.Debug|x64.ActiveCfg = Debug|Any CPU
		{BE927894-D8B5-473E-8D3C-3B133E1350A3}.Debug|x64.Build.0 = Debug|Any CPU
		{BE927894-D8B5-473E-8D3C-3B133E1350A3}.Debug|x86.ActiveCfg = Debug|Any CPU
		{BE927894-D8B5-473E-8D3C-3B133E1350A3}.Debug|x86.Build.0 = Debug|Any CPU
		{BE927894-D8B5-473E-8D3C-3B133E1350A3}.Release|Any CPU.ActiveCfg = Release|Any CPU
		{BE927894-D8B5-473E-8D3C-3B133E1350A3}.Release|Any CPU.Build.0 = Release|Any CPU
		{BE927894-D8B5-473E-8D3C-3B133E1350A3}.Release|ARM64.ActiveCfg = Release|Any CPU
		{BE927894-D8B5-473E-8D3C-3B133E1350A3}.Release|ARM64.Build.0 = Release|Any CPU
		{BE927894-D8B5-473E-8D3C-3B133E1350A3}.Release|x64.ActiveCfg = Release|Any CPU
		{BE927894-D8B5-473E-8D3C-3B133E1350A3}.Release|x64.Build.0 = Release|Any CPU
		{BE927894-D8B5-473E-8D3C-3B133E1350A3}.Release|x86.ActiveCfg = Release|Any CPU
		{BE927894-D8B5-473E-8D3C-3B133E1350A3}.Release|x86.Build.0 = Release|Any CPU
	EndGlobalSection
	GlobalSection(SolutionProperties) = preSolution
		HideSolutionNode = FALSE
	EndGlobalSection
	GlobalSection(NestedProjects) = preSolution
		{5AC5A4E6-D986-42E3-A5F9-A03848D64069} = {E17E1328-1605-4F55-B82D-69E249269541}
		{54D27B17-45C3-432F-BA7E-EB5EC34E0E39} = {E17E1328-1605-4F55-B82D-69E249269541}
		{925F4133-050E-4AB8-B846-FADDCC1FAADC} = {736C59EA-DF85-4EF6-98E5-4EDC70B850C3}
		{8DEA604F-3A50-4F04-A7BC-211A756F7F96} = {736C59EA-DF85-4EF6-98E5-4EDC70B850C3}
		{495B71C4-0147-43A8-99E2-9FAF7418938B} = {736C59EA-DF85-4EF6-98E5-4EDC70B850C3}
		{D0F33B46-D5F8-47EF-BBDC-400B96425BAD} = {90920DFB-216A-4EED-886F-47D19984F1D0}
		{6BAF8D5A-00C8-403E-AF84-6C0880B7B2E1} = {90920DFB-216A-4EED-886F-47D19984F1D0}
		{7D4B90F3-7855-408B-A67D-14E707597A32} = {90920DFB-216A-4EED-886F-47D19984F1D0}
		{59515998-952C-44AA-BF62-4A37DFFE8AC1} = {90920DFB-216A-4EED-886F-47D19984F1D0}
		{A5CDCD82-25AB-4B46-BE99-BC6EAA03E482} = {90920DFB-216A-4EED-886F-47D19984F1D0}
		{73346CE1-5E9C-4D61-90A0-659D24798B06} = {495B71C4-0147-43A8-99E2-9FAF7418938B}
	EndGlobalSection
	GlobalSection(ExtensibilityGlobals) = postSolution
		SolutionGuid = {CBC31B63-24C0-4F81-9F96-25237FABB65F}
	EndGlobalSection
EndGlobal
